
Microsoft Visual Studio Solution File, Format Version 12.00
# Visual Studio Version 16
VisualStudioVersion = 16.0.30717.126
MinimumVisualStudioVersion = 10.0.40219.1
Project("{9A19103F-16F7-4668-BE54-9A1E7A4F7556}") = "aoc", "src\aoc.csproj", "{82BA1FF1-1300-4F06-8735-AEFC89D58552}"
EndProject
Project("{2150E333-8FDC-42A3-9474-1A3956D46DE8}") = "src", "src", "{5D506AF3-154F-48DF-BB21-84E641EBB6F9}"
EndProject
Project("{2150E333-8FDC-42A3-9474-1A3956D46DE8}") = "test", "test", "{1B94B78D-0C94-4CAE-BD58-573C4EC104DB}"
EndProject
Project("{9A19103F-16F7-4668-BE54-9A1E7A4F7556}") = "aoc.test", "test\aoc.test.csproj", "{BBD34926-D5F2-41AC-99B7-1B8BB79888FD}"
EndProject
Project("{2150E333-8FDC-42A3-9474-1A3956D46DE8}") = "Solution Items", "Solution Items", "{64BDD74B-98E8-4639-8FD0-849604C5D0F6}"
	ProjectSection(SolutionItems) = preProject
		.editorconfig = .editorconfig
	EndProjectSection
EndProject
Global
	GlobalSection(SolutionConfigurationPlatforms) = preSolution
		Debug|Any CPU = Debug|Any CPU
		Release|Any CPU = Release|Any CPU
	EndGlobalSection
	GlobalSection(ProjectConfigurationPlatforms) = postSolution
		{82BA1FF1-1300-4F06-8735-AEFC89D58552}.Debug|Any CPU.ActiveCfg = Debug|Any CPU
		{82BA1FF1-1300-4F06-8735-AEFC89D58552}.Debug|Any CPU.Build.0 = Debug|Any CPU
		{82BA1FF1-1300-4F06-8735-AEFC89D58552}.Release|Any CPU.ActiveCfg = Release|Any CPU
		{82BA1FF1-1300-4F06-8735-AEFC89D58552}.Release|Any CPU.Build.0 = Release|Any CPU
		{BBD34926-D5F2-41AC-99B7-1B8BB79888FD}.Debug|Any CPU.ActiveCfg = Debug|Any CPU
		{BBD34926-D5F2-41AC-99B7-1B8BB79888FD}.Debug|Any CPU.Build.0 = Debug|Any CPU
		{BBD34926-D5F2-41AC-99B7-1B8BB79888FD}.Release|Any CPU.ActiveCfg = Release|Any CPU
		{BBD34926-D5F2-41AC-99B7-1B8BB79888FD}.Release|Any CPU.Build.0 = Release|Any CPU
	EndGlobalSection
	GlobalSection(SolutionProperties) = preSolution
		HideSolutionNode = FALSE
	EndGlobalSection
	GlobalSection(NestedProjects) = preSolution
		{82BA1FF1-1300-4F06-8735-AEFC89D58552} = {5D506AF3-154F-48DF-BB21-84E641EBB6F9}
		{BBD34926-D5F2-41AC-99B7-1B8BB79888FD} = {1B94B78D-0C94-4CAE-BD58-573C4EC104DB}
	EndGlobalSection
	GlobalSection(ExtensibilityGlobals) = postSolution
		SolutionGuid = {A0A6A6E5-F4E9-4F8B-9B48-7A131668AA10}
	EndGlobalSection
EndGlobal
