
Microsoft Visual Studio Solution File, Format Version 12.00
# Visual Studio Version 16
VisualStudioVersion = 16.0.30717.126
MinimumVisualStudioVersion = 10.0.40219.1
Project("{FAE04EC0-301F-11D3-BF4B-00C04F79EFBC}") = "Sum2020", "D01\Sum2020\Sum2020.csproj", "{FD0510E8-8E74-4EDB-ACFD-015183BC2EDE}"
EndProject
Project("{2150E333-8FDC-42A3-9474-1A3956D46DE8}") = "D01", "D01", "{785BD9A3-49FC-4B27-93B3-E32F9E8F7275}"
EndProject
Project("{FAE04EC0-301F-11D3-BF4B-00C04F79EFBC}") = "Sum2020.Test", "D01\Sum2020.Test\Sum2020.Test.csproj", "{D488ED6F-22E0-4403-87CF-713B15640C8E}"
EndProject
Project("{2150E333-8FDC-42A3-9474-1A3956D46DE8}") = "D02", "D02", "{C388B3BF-F887-41C9-9DD9-348AAA8EEC77}"
EndProject
Project("{FAE04EC0-301F-11D3-BF4B-00C04F79EFBC}") = "x", "D02\x\x.csproj", "{AA9E925A-DF58-4727-BEAA-88D0B40D34C1}"
EndProject
Global
	GlobalSection(SolutionConfigurationPlatforms) = preSolution
		Debug|Any CPU = Debug|Any CPU
		Release|Any CPU = Release|Any CPU
	EndGlobalSection
	GlobalSection(ProjectConfigurationPlatforms) = postSolution
		{FD0510E8-8E74-4EDB-ACFD-015183BC2EDE}.Debug|Any CPU.ActiveCfg = Debug|Any CPU
		{FD0510E8-8E74-4EDB-ACFD-015183BC2EDE}.Debug|Any CPU.Build.0 = Debug|Any CPU
		{FD0510E8-8E74-4EDB-ACFD-015183BC2EDE}.Release|Any CPU.ActiveCfg = Release|Any CPU
		{FD0510E8-8E74-4EDB-ACFD-015183BC2EDE}.Release|Any CPU.Build.0 = Release|Any CPU
		{D488ED6F-22E0-4403-87CF-713B15640C8E}.Debug|Any CPU.ActiveCfg = Debug|Any CPU
		{D488ED6F-22E0-4403-87CF-713B15640C8E}.Debug|Any CPU.Build.0 = Debug|Any CPU
		{D488ED6F-22E0-4403-87CF-713B15640C8E}.Release|Any CPU.ActiveCfg = Release|Any CPU
		{D488ED6F-22E0-4403-87CF-713B15640C8E}.Release|Any CPU.Build.0 = Release|Any CPU
		{AA9E925A-DF58-4727-BEAA-88D0B40D34C1}.Debug|Any CPU.ActiveCfg = Debug|Any CPU
		{AA9E925A-DF58-4727-BEAA-88D0B40D34C1}.Debug|Any CPU.Build.0 = Debug|Any CPU
		{AA9E925A-DF58-4727-BEAA-88D0B40D34C1}.Release|Any CPU.ActiveCfg = Release|Any CPU
		{AA9E925A-DF58-4727-BEAA-88D0B40D34C1}.Release|Any CPU.Build.0 = Release|Any CPU
	EndGlobalSection
	GlobalSection(SolutionProperties) = preSolution
		HideSolutionNode = FALSE
	EndGlobalSection
	GlobalSection(NestedProjects) = preSolution
		{FD0510E8-8E74-4EDB-ACFD-015183BC2EDE} = {785BD9A3-49FC-4B27-93B3-E32F9E8F7275}
		{D488ED6F-22E0-4403-87CF-713B15640C8E} = {785BD9A3-49FC-4B27-93B3-E32F9E8F7275}
		{AA9E925A-DF58-4727-BEAA-88D0B40D34C1} = {C388B3BF-F887-41C9-9DD9-348AAA8EEC77}
	EndGlobalSection
	GlobalSection(ExtensibilityGlobals) = postSolution
		SolutionGuid = {6580D765-F61D-4A05-97E9-B3907652043C}
	EndGlobalSection
EndGlobal
